// !$*UTF8*$!
{
	archiveVersion = 1;
	classes = {
	};
	objectVersion = 46;
	objects = {

/* Begin PBXBuildFile section */
		C0D55E961F00E7BF0076FA36 /* AppDelegate.swift in Sources */ = {isa = PBXBuildFile; fileRef = C0D55E951F00E7BF0076FA36 /* AppDelegate.swift */; };
		C0D55E981F00E7BF0076FA36 /* ViewController.swift in Sources */ = {isa = PBXBuildFile; fileRef = C0D55E971F00E7BF0076FA36 /* ViewController.swift */; };
		C0D55E9B1F00E7BF0076FA36 /* Main.storyboard in Resources */ = {isa = PBXBuildFile; fileRef = C0D55E991F00E7BF0076FA36 /* Main.storyboard */; };
		C0D55E9D1F00E7BF0076FA36 /* Assets.xcassets in Resources */ = {isa = PBXBuildFile; fileRef = C0D55E9C1F00E7BF0076FA36 /* Assets.xcassets */; };
		C0D55EA01F00E7BF0076FA36 /* LaunchScreen.storyboard in Resources */ = {isa = PBXBuildFile; fileRef = C0D55E9E1F00E7BF0076FA36 /* LaunchScreen.storyboard */; };
		C0D55EAB1F00E7BF0076FA36 /* _7_6_26_swift____Tests.swift in Sources */ = {isa = PBXBuildFile; fileRef = C0D55EAA1F00E7BF0076FA36 /* _7_6_26_swift____Tests.swift */; };
		C0D55EB61F00E7BF0076FA36 /* _7_6_26_swift____UITests.swift in Sources */ = {isa = PBXBuildFile; fileRef = C0D55EB51F00E7BF0076FA36 /* _7_6_26_swift____UITests.swift */; };
/* End PBXBuildFile section */

/* Begin PBXContainerItemProxy section */
		C0D55EA71F00E7BF0076FA36 /* PBXContainerItemProxy */ = {
			isa = PBXContainerItemProxy;
			containerPortal = C0D55E8A1F00E7BF0076FA36 /* Project object */;
			proxyType = 1;
			remoteGlobalIDString = C0D55E911F00E7BF0076FA36;
			remoteInfo = "17-6-26-swift可选类型";
		};
		C0D55EB21F00E7BF0076FA36 /* PBXContainerItemProxy */ = {
			isa = PBXContainerItemProxy;
			containerPortal = C0D55E8A1F00E7BF0076FA36 /* Project object */;
			proxyType = 1;
			remoteGlobalIDString = C0D55E911F00E7BF0076FA36;
			remoteInfo = "17-6-26-swift可选类型";
		};
/* End PBXContainerItemProxy section */

/* Begin PBXFileReference section */
		C0D55E921F00E7BF0076FA36 /* 17-6-26-swift可选类型.app */ = {isa = PBXFileReference; explicitFileType = wrapper.application; includeInIndex = 0; path = "17-6-26-swift可选类型.app"; sourceTree = BUILT_PRODUCTS_DIR; };
		C0D55E951F00E7BF0076FA36 /* AppDelegate.swift */ = {isa = PBXFileReference; lastKnownFileType = sourcecode.swift; path = AppDelegate.swift; sourceTree = "<group>"; };
		C0D55E971F00E7BF0076FA36 /* ViewController.swift */ = {isa = PBXFileReference; lastKnownFileType = sourcecode.swift; path = ViewController.swift; sourceTree = "<group>"; };
		C0D55E9A1F00E7BF0076FA36 /* Base */ = {isa = PBXFileReference; lastKnownFileType = file.storyboard; name = Base; path = Base.lproj/Main.storyboard; sourceTree = "<group>"; };
		C0D55E9C1F00E7BF0076FA36 /* Assets.xcassets */ = {isa = PBXFileReference; lastKnownFileType = folder.assetcatalog; path = Assets.xcassets; sourceTree = "<group>"; };
		C0D55E9F1F00E7BF0076FA36 /* Base */ = {isa = PBXFileReference; lastKnownFileType = file.storyboard; name = Base; path = Base.lproj/LaunchScreen.storyboard; sourceTree = "<group>"; };
		C0D55EA11F00E7BF0076FA36 /* Info.plist */ = {isa = PBXFileReference; lastKnownFileType = text.plist.xml; path = Info.plist; sourceTree = "<group>"; };
		C0D55EA61F00E7BF0076FA36 /* 17-6-26-swift可选类型Tests.xctest */ = {isa = PBXFileReference; explicitFileType = wrapper.cfbundle; includeInIndex = 0; path = "17-6-26-swift可选类型Tests.xctest"; sourceTree = BUILT_PRODUCTS_DIR; };
		C0D55EAA1F00E7BF0076FA36 /* _7_6_26_swift____Tests.swift */ = {isa = PBXFileReference; lastKnownFileType = sourcecode.swift; path = "_7_6_26_swift____Tests.swift"; sourceTree = "<group>"; };
		C0D55EAC1F00E7BF0076FA36 /* Info.plist */ = {isa = PBXFileReference; lastKnownFileType = text.plist.xml; path = Info.plist; sourceTree = "<group>"; };
		C0D55EB11F00E7BF0076FA36 /* 17-6-26-swift可选类型UITests.xctest */ = {isa = PBXFileReference; explicitFileType = wrapper.cfbundle; includeInIndex = 0; path = "17-6-26-swift可选类型UITests.xctest"; sourceTree = BUILT_PRODUCTS_DIR; };
		C0D55EB51F00E7BF0076FA36 /* _7_6_26_swift____UITests.swift */ = {isa = PBXFileReference; lastKnownFileType = sourcecode.swift; path = "_7_6_26_swift____UITests.swift"; sourceTree = "<group>"; };
		C0D55EB71F00E7BF0076FA36 /* Info.plist */ = {isa = PBXFileReference; lastKnownFileType = text.plist.xml; path = Info.plist; sourceTree = "<group>"; };
/* End PBXFileReference section */

/* Begin PBXFrameworksBuildPhase section */
		C0D55E8F1F00E7BF0076FA36 /* Frameworks */ = {
			isa = PBXFrameworksBuildPhase;
			buildActionMask = 2147483647;
			files = (
			);
			runOnlyForDeploymentPostprocessing = 0;
		};
		C0D55EA31F00E7BF0076FA36 /* Frameworks */ = {
			isa = PBXFrameworksBuildPhase;
			buildActionMask = 2147483647;
			files = (
			);
			runOnlyForDeploymentPostprocessing = 0;
		};
		C0D55EAE1F00E7BF0076FA36 /* Frameworks */ = {
			isa = PBXFrameworksBuildPhase;
			buildActionMask = 2147483647;
			files = (
			);
			runOnlyForDeploymentPostprocessing = 0;
		};
/* End PBXFrameworksBuildPhase section */

/* Begin PBXGroup section */
		C0D55E891F00E7BF0076FA36 = {
			isa = PBXGroup;
			children = (
				C0D55E941F00E7BF0076FA36 /* 17-6-26-swift可选类型 */,
				C0D55EA91F00E7BF0076FA36 /* 17-6-26-swift可选类型Tests */,
				C0D55EB41F00E7BF0076FA36 /* 17-6-26-swift可选类型UITests */,
				C0D55E931F00E7BF0076FA36 /* Products */,
			);
			sourceTree = "<group>";
		};
		C0D55E931F00E7BF0076FA36 /* Products */ = {
			isa = PBXGroup;
			children = (
				C0D55E921F00E7BF0076FA36 /* 17-6-26-swift可选类型.app */,
				C0D55EA61F00E7BF0076FA36 /* 17-6-26-swift可选类型Tests.xctest */,
				C0D55EB11F00E7BF0076FA36 /* 17-6-26-swift可选类型UITests.xctest */,
			);
			name = Products;
			sourceTree = "<group>";
		};
		C0D55E941F00E7BF0076FA36 /* 17-6-26-swift可选类型 */ = {
			isa = PBXGroup;
			children = (
				C0D55E951F00E7BF0076FA36 /* AppDelegate.swift */,
				C0D55E971F00E7BF0076FA36 /* ViewController.swift */,
				C0D55E991F00E7BF0076FA36 /* Main.storyboard */,
				C0D55E9C1F00E7BF0076FA36 /* Assets.xcassets */,
				C0D55E9E1F00E7BF0076FA36 /* LaunchScreen.storyboard */,
				C0D55EA11F00E7BF0076FA36 /* Info.plist */,
			);
			path = "17-6-26-swift可选类型";
			sourceTree = "<group>";
		};
		C0D55EA91F00E7BF0076FA36 /* 17-6-26-swift可选类型Tests */ = {
			isa = PBXGroup;
			children = (
				C0D55EAA1F00E7BF0076FA36 /* _7_6_26_swift____Tests.swift */,
				C0D55EAC1F00E7BF0076FA36 /* Info.plist */,
			);
			path = "17-6-26-swift可选类型Tests";
			sourceTree = "<group>";
		};
		C0D55EB41F00E7BF0076FA36 /* 17-6-26-swift可选类型UITests */ = {
			isa = PBXGroup;
			children = (
				C0D55EB51F00E7BF0076FA36 /* _7_6_26_swift____UITests.swift */,
				C0D55EB71F00E7BF0076FA36 /* Info.plist */,
			);
			path = "17-6-26-swift可选类型UITests";
			sourceTree = "<group>";
		};
/* End PBXGroup section */

/* Begin PBXNativeTarget section */
		C0D55E911F00E7BF0076FA36 /* 17-6-26-swift可选类型 */ = {
			isa = PBXNativeTarget;
			buildConfigurationList = C0D55EBA1F00E7BF0076FA36 /* Build configuration list for PBXNativeTarget "17-6-26-swift可选类型" */;
			buildPhases = (
				C0D55E8E1F00E7BF0076FA36 /* Sources */,
				C0D55E8F1F00E7BF0076FA36 /* Frameworks */,
				C0D55E901F00E7BF0076FA36 /* Resources */,
			);
			buildRules = (
			);
			dependencies = (
			);
			name = "17-6-26-swift可选类型";
			productName = "17-6-26-swift可选类型";
			productReference = C0D55E921F00E7BF0076FA36 /* 17-6-26-swift可选类型.app */;
			productType = "com.apple.product-type.application";
		};
		C0D55EA51F00E7BF0076FA36 /* 17-6-26-swift可选类型Tests */ = {
			isa = PBXNativeTarget;
			buildConfigurationList = C0D55EBD1F00E7BF0076FA36 /* Build configuration list for PBXNativeTarget "17-6-26-swift可选类型Tests" */;
			buildPhases = (
				C0D55EA21F00E7BF0076FA36 /* Sources */,
				C0D55EA31F00E7BF0076FA36 /* Frameworks */,
				C0D55EA41F00E7BF0076FA36 /* Resources */,
			);
			buildRules = (
			);
			dependencies = (
				C0D55EA81F00E7BF0076FA36 /* PBXTargetDependency */,
			);
			name = "17-6-26-swift可选类型Tests";
			productName = "17-6-26-swift可选类型Tests";
			productReference = C0D55EA61F00E7BF0076FA36 /* 17-6-26-swift可选类型Tests.xctest */;
			productType = "com.apple.product-type.bundle.unit-test";
		};
		C0D55EB01F00E7BF0076FA36 /* 17-6-26-swift可选类型UITests */ = {
			isa = PBXNativeTarget;
			buildConfigurationList = C0D55EC01F00E7BF0076FA36 /* Build configuration list for PBXNativeTarget "17-6-26-swift可选类型UITests" */;
			buildPhases = (
				C0D55EAD1F00E7BF0076FA36 /* Sources */,
				C0D55EAE1F00E7BF0076FA36 /* Frameworks */,
				C0D55EAF1F00E7BF0076FA36 /* Resources */,
			);
			buildRules = (
			);
			dependencies = (
				C0D55EB31F00E7BF0076FA36 /* PBXTargetDependency */,
			);
			name = "17-6-26-swift可选类型UITests";
			productName = "17-6-26-swift可选类型UITests";
			productReference = C0D55EB11F00E7BF0076FA36 /* 17-6-26-swift可选类型UITests.xctest */;
			productType = "com.apple.product-type.bundle.ui-testing";
		};
/* End PBXNativeTarget section */

/* Begin PBXProject section */
		C0D55E8A1F00E7BF0076FA36 /* Project object */ = {
			isa = PBXProject;
			attributes = {
				LastSwiftUpdateCheck = 0830;
				LastUpgradeCheck = 0830;
				ORGANIZATIONNAME = Zeus;
				TargetAttributes = {
					C0D55E911F00E7BF0076FA36 = {
						CreatedOnToolsVersion = 8.3;
						ProvisioningStyle = Automatic;
					};
					C0D55EA51F00E7BF0076FA36 = {
						CreatedOnToolsVersion = 8.3;
						ProvisioningStyle = Automatic;
						TestTargetID = C0D55E911F00E7BF0076FA36;
					};
					C0D55EB01F00E7BF0076FA36 = {
						CreatedOnToolsVersion = 8.3;
						ProvisioningStyle = Automatic;
						TestTargetID = C0D55E911F00E7BF0076FA36;
					};
				};
			};
			buildConfigurationList = C0D55E8D1F00E7BF0076FA36 /* Build configuration list for PBXProject "17-6-26-swift可选类型" */;
			compatibilityVersion = "Xcode 3.2";
			developmentRegion = English;
			hasScannedForEncodings = 0;
			knownRegions = (
				en,
				Base,
			);
			mainGroup = C0D55E891F00E7BF0076FA36;
			productRefGroup = C0D55E931F00E7BF0076FA36 /* Products */;
			projectDirPath = "";
			projectRoot = "";
			targets = (
				C0D55E911F00E7BF0076FA36 /* 17-6-26-swift可选类型 */,
				C0D55EA51F00E7BF0076FA36 /* 17-6-26-swift可选类型Tests */,
				C0D55EB01F00E7BF0076FA36 /* 17-6-26-swift可选类型UITests */,
			);
		};
/* End PBXProject section */

/* Begin PBXResourcesBuildPhase section */
		C0D55E901F00E7BF0076FA36 /* Resources */ = {
			isa = PBXResourcesBuildPhase;
			buildActionMask = 2147483647;
			files = (
				C0D55EA01F00E7BF0076FA36 /* LaunchScreen.storyboard in Resources */,
				C0D55E9D1F00E7BF0076FA36 /* Assets.xcassets in Resources */,
				C0D55E9B1F00E7BF0076FA36 /* Main.storyboard in Resources */,
			);
			runOnlyForDeploymentPostprocessing = 0;
		};
		C0D55EA41F00E7BF0076FA36 /* Resources */ = {
			isa = PBXResourcesBuildPhase;
			buildActionMask = 2147483647;
			files = (
			);
			runOnlyForDeploymentPostprocessing = 0;
		};
		C0D55EAF1F00E7BF0076FA36 /* Resources */ = {
			isa = PBXResourcesBuildPhase;
			buildActionMask = 2147483647;
			files = (
			);
			runOnlyForDeploymentPostprocessing = 0;
		};
/* End PBXResourcesBuildPhase section */

/* Begin PBXSourcesBuildPhase section */
		C0D55E8E1F00E7BF0076FA36 /* Sources */ = {
			isa = PBXSourcesBuildPhase;
			buildActionMask = 2147483647;
			files = (
				C0D55E981F00E7BF0076FA36 /* ViewController.swift in Sources */,
				C0D55E961F00E7BF0076FA36 /* AppDelegate.swift in Sources */,
			);
			runOnlyForDeploymentPostprocessing = 0;
		};
		C0D55EA21F00E7BF0076FA36 /* Sources */ = {
			isa = PBXSourcesBuildPhase;
			buildActionMask = 2147483647;
			files = (
				C0D55EAB1F00E7BF0076FA36 /* _7_6_26_swift____Tests.swift in Sources */,
			);
			runOnlyForDeploymentPostprocessing = 0;
		};
		C0D55EAD1F00E7BF0076FA36 /* Sources */ = {
			isa = PBXSourcesBuildPhase;
			buildActionMask = 2147483647;
			files = (
				C0D55EB61F00E7BF0076FA36 /* _7_6_26_swift____UITests.swift in Sources */,
			);
			runOnlyForDeploymentPostprocessing = 0;
		};
/* End PBXSourcesBuildPhase section */

/* Begin PBXTargetDependency section */
		C0D55EA81F00E7BF0076FA36 /* PBXTargetDependency */ = {
			isa = PBXTargetDependency;
			target = C0D55E911F00E7BF0076FA36 /* 17-6-26-swift可选类型 */;
			targetProxy = C0D55EA71F00E7BF0076FA36 /* PBXContainerItemProxy */;
		};
		C0D55EB31F00E7BF0076FA36 /* PBXTargetDependency */ = {
			isa = PBXTargetDependency;
			target = C0D55E911F00E7BF0076FA36 /* 17-6-26-swift可选类型 */;
			targetProxy = C0D55EB21F00E7BF0076FA36 /* PBXContainerItemProxy */;
		};
/* End PBXTargetDependency section */

/* Begin PBXVariantGroup section */
		C0D55E991F00E7BF0076FA36 /* Main.storyboard */ = {
			isa = PBXVariantGroup;
			children = (
				C0D55E9A1F00E7BF0076FA36 /* Base */,
			);
			name = Main.storyboard;
			sourceTree = "<group>";
		};
		C0D55E9E1F00E7BF0076FA36 /* LaunchScreen.storyboard */ = {
			isa = PBXVariantGroup;
			children = (
				C0D55E9F1F00E7BF0076FA36 /* Base */,
			);
			name = LaunchScreen.storyboard;
			sourceTree = "<group>";
		};
/* End PBXVariantGroup section */

/* Begin XCBuildConfiguration section */
		C0D55EB81F00E7BF0076FA36 /* Debug */ = {
			isa = XCBuildConfiguration;
			buildSettings = {
				ALWAYS_SEARCH_USER_PATHS = NO;
				CLANG_ANALYZER_NONNULL = YES;
				CLANG_ANALYZER_NUMBER_OBJECT_CONVERSION = YES_AGGRESSIVE;
				CLANG_CXX_LANGUAGE_STANDARD = "gnu++0x";
				CLANG_CXX_LIBRARY = "libc++";
				CLANG_ENABLE_MODULES = YES;
				CLANG_ENABLE_OBJC_ARC = YES;
				CLANG_WARN_BOOL_CONVERSION = YES;
				CLANG_WARN_CONSTANT_CONVERSION = YES;
				CLANG_WARN_DIRECT_OBJC_ISA_USAGE = YES_ERROR;
				CLANG_WARN_DOCUMENTATION_COMMENTS = YES;
				CLANG_WARN_EMPTY_BODY = YES;
				CLANG_WARN_ENUM_CONVERSION = YES;
				CLANG_WARN_INFINITE_RECURSION = YES;
				CLANG_WARN_INT_CONVERSION = YES;
				CLANG_WARN_OBJC_ROOT_CLASS = YES_ERROR;
				CLANG_WARN_SUSPICIOUS_MOVE = YES;
				CLANG_WARN_UNREACHABLE_CODE = YES;
				CLANG_WARN__DUPLICATE_METHOD_MATCH = YES;
				"CODE_SIGN_IDENTITY[sdk=iphoneos*]" = "iPhone Developer";
				COPY_PHASE_STRIP = NO;
				DEBUG_INFORMATION_FORMAT = dwarf;
				ENABLE_STRICT_OBJC_MSGSEND = YES;
				ENABLE_TESTABILITY = YES;
				GCC_C_LANGUAGE_STANDARD = gnu99;
				GCC_DYNAMIC_NO_PIC = NO;
				GCC_NO_COMMON_BLOCKS = YES;
				GCC_OPTIMIZATION_LEVEL = 0;
				GCC_PREPROCESSOR_DEFINITIONS = (
					"DEBUG=1",
					"$(inherited)",
				);
				GCC_WARN_64_TO_32_BIT_CONVERSION = YES;
				GCC_WARN_ABOUT_RETURN_TYPE = YES_ERROR;
				GCC_WARN_UNDECLARED_SELECTOR = YES;
				GCC_WARN_UNINITIALIZED_AUTOS = YES_AGGRESSIVE;
				GCC_WARN_UNUSED_FUNCTION = YES;
				GCC_WARN_UNUSED_VARIABLE = YES;
				IPHONEOS_DEPLOYMENT_TARGET = 10.3;
				MTL_ENABLE_DEBUG_INFO = YES;
				ONLY_ACTIVE_ARCH = YES;
				SDKROOT = iphoneos;
				SWIFT_ACTIVE_COMPILATION_CONDITIONS = DEBUG;
				SWIFT_OPTIMIZATION_LEVEL = "-Onone";
			};
			name = Debug;
		};
		C0D55EB91F00E7BF0076FA36 /* Release */ = {
			isa = XCBuildConfiguration;
			buildSettings = {
				ALWAYS_SEARCH_USER_PATHS = NO;
				CLANG_ANALYZER_NONNULL = YES;
				CLANG_ANALYZER_NUMBER_OBJECT_CONVERSION = YES_AGGRESSIVE;
				CLANG_CXX_LANGUAGE_STANDARD = "gnu++0x";
				CLANG_CXX_LIBRARY = "libc++";
				CLANG_ENABLE_MODULES = YES;
				CLANG_ENABLE_OBJC_ARC = YES;
				CLANG_WARN_BOOL_CONVERSION = YES;
				CLANG_WARN_CONSTANT_CONVERSION = YES;
				CLANG_WARN_DIRECT_OBJC_ISA_USAGE = YES_ERROR;
				CLANG_WARN_DOCUMENTATION_COMMENTS = YES;
				CLANG_WARN_EMPTY_BODY = YES;
				CLANG_WARN_ENUM_CONVERSION = YES;
				CLANG_WARN_INFINITE_RECURSION = YES;
				CLANG_WARN_INT_CONVERSION = YES;
				CLANG_WARN_OBJC_ROOT_CLASS = YES_ERROR;
				CLANG_WARN_SUSPICIOUS_MOVE = YES;
				CLANG_WARN_UNREACHABLE_CODE = YES;
				CLANG_WARN__DUPLICATE_METHOD_MATCH = YES;
				"CODE_SIGN_IDENTITY[sdk=iphoneos*]" = "iPhone Developer";
				COPY_PHASE_STRIP = NO;
				DEBUG_INFORMATION_FORMAT = "dwarf-with-dsym";
				ENABLE_NS_ASSERTIONS = NO;
				ENABLE_STRICT_OBJC_MSGSEND = YES;
				GCC_C_LANGUAGE_STANDARD = gnu99;
				GCC_NO_COMMON_BLOCKS = YES;
				GCC_WARN_64_TO_32_BIT_CONVERSION = YES;
				GCC_WARN_ABOUT_RETURN_TYPE = YES_ERROR;
				GCC_WARN_UNDECLARED_SELECTOR = YES;
				GCC_WARN_UNINITIALIZED_AUTOS = YES_AGGRESSIVE;
				GCC_WARN_UNUSED_FUNCTION = YES;
				GCC_WARN_UNUSED_VARIABLE = YES;
				IPHONEOS_DEPLOYMENT_TARGET = 10.3;
				MTL_ENABLE_DEBUG_INFO = NO;
				SDKROOT = iphoneos;
				SWIFT_OPTIMIZATION_LEVEL = "-Owholemodule";
				VALIDATE_PRODUCT = YES;
			};
			name = Release;
		};
		C0D55EBB1F00E7BF0076FA36 /* Debug */ = {
			isa = XCBuildConfiguration;
			buildSettings = {
				ASSETCATALOG_COMPILER_APPICON_NAME = AppIcon;
				INFOPLIST_FILE = "17-6-26-swift可选类型/Info.plist";
				LD_RUNPATH_SEARCH_PATHS = "$(inherited) @executable_path/Frameworks";
				PRODUCT_BUNDLE_IDENTIFIER = "cn.Zeus.-7-6-26-swift----";
				PRODUCT_NAME = "$(TARGET_NAME)";
				SWIFT_VERSION = 3.0;
			};
			name = Debug;
		};
		C0D55EBC1F00E7BF0076FA36 /* Release */ = {
			isa = XCBuildConfiguration;
			buildSettings = {
				ASSETCATALOG_COMPILER_APPICON_NAME = AppIcon;
				INFOPLIST_FILE = "17-6-26-swift可选类型/Info.plist";
				LD_RUNPATH_SEARCH_PATHS = "$(inherited) @executable_path/Frameworks";
				PRODUCT_BUNDLE_IDENTIFIER = "cn.Zeus.-7-6-26-swift----";
				PRODUCT_NAME = "$(TARGET_NAME)";
				SWIFT_VERSION = 3.0;
			};
			name = Release;
		};
		C0D55EBE1F00E7BF0076FA36 /* Debug */ = {
			isa = XCBuildConfiguration;
			buildSettings = {
				ALWAYS_EMBED_SWIFT_STANDARD_LIBRARIES = YES;
				BUNDLE_LOADER = "$(TEST_HOST)";
				INFOPLIST_FILE = "17-6-26-swift可选类型Tests/Info.plist";
				LD_RUNPATH_SEARCH_PATHS = "$(inherited) @executable_path/Frameworks @loader_path/Frameworks";
				PRODUCT_BUNDLE_IDENTIFIER = "cn.Zeus.-7-6-26-swift----Tests";
				PRODUCT_NAME = "$(TARGET_NAME)";
				SWIFT_VERSION = 3.0;
				TEST_HOST = "$(BUILT_PRODUCTS_DIR)/17-6-26-swift可选类型.app/17-6-26-swift可选类型";
			};
			name = Debug;
		};
		C0D55EBF1F00E7BF0076FA36 /* Release */ = {
			isa = XCBuildConfiguration;
			buildSettings = {
				ALWAYS_EMBED_SWIFT_STANDARD_LIBRARIES = YES;
				BUNDLE_LOADER = "$(TEST_HOST)";
				INFOPLIST_FILE = "17-6-26-swift可选类型Tests/Info.plist";
				LD_RUNPATH_SEARCH_PATHS = "$(inherited) @executable_path/Frameworks @loader_path/Frameworks";
				PRODUCT_BUNDLE_IDENTIFIER = "cn.Zeus.-7-6-26-swift----Tests";
				PRODUCT_NAME = "$(TARGET_NAME)";
				SWIFT_VERSION = 3.0;
				TEST_HOST = "$(BUILT_PRODUCTS_DIR)/17-6-26-swift可选类型.app/17-6-26-swift可选类型";
			};
			name = Release;
		};
		C0D55EC11F00E7BF0076FA36 /* Debug */ = {
			isa = XCBuildConfiguration;
			buildSettings = {
				ALWAYS_EMBED_SWIFT_STANDARD_LIBRARIES = YES;
				INFOPLIST_FILE = "17-6-26-swift可选类型UITests/Info.plist";
				LD_RUNPATH_SEARCH_PATHS = "$(inherited) @executable_path/Frameworks @loader_path/Frameworks";
				PRODUCT_BUNDLE_IDENTIFIER = "cn.Zeus.-7-6-26-swift----UITests";
				PRODUCT_NAME = "$(TARGET_NAME)";
				SWIFT_VERSION = 3.0;
				TEST_TARGET_NAME = "17-6-26-swift可选类型";
			};
			name = Debug;
		};
		C0D55EC21F00E7BF0076FA36 /* Release */ = {
			isa = XCBuildConfiguration;
			buildSettings = {
				ALWAYS_EMBED_SWIFT_STANDARD_LIBRARIES = YES;
				INFOPLIST_FILE = "17-6-26-swift可选类型UITests/Info.plist";
				LD_RUNPATH_SEARCH_PATHS = "$(inherited) @executable_path/Frameworks @loader_path/Frameworks";
				PRODUCT_BUNDLE_IDENTIFIER = "cn.Zeus.-7-6-26-swift----UITests";
				PRODUCT_NAME = "$(TARGET_NAME)";
				SWIFT_VERSION = 3.0;
				TEST_TARGET_NAME = "17-6-26-swift可选类型";
			};
			name = Release;
		};
/* End XCBuildConfiguration section */

/* Begin XCConfigurationList section */
		C0D55E8D1F00E7BF0076FA36 /* Build configuration list for PBXProject "17-6-26-swift可选类型" */ = {
			isa = XCConfigurationList;
			buildConfigurations = (
				C0D55EB81F00E7BF0076FA36 /* Debug */,
				C0D55EB91F00E7BF0076FA36 /* Release */,
			);
			defaultConfigurationIsVisible = 0;
			defaultConfigurationName = Release;
		};
		C0D55EBA1F00E7BF0076FA36 /* Build configuration list for PBXNativeTarget "17-6-26-swift可选类型" */ = {
			isa = XCConfigurationList;
			buildConfigurations = (
				C0D55EBB1F00E7BF0076FA36 /* Debug */,
				C0D55EBC1F00E7BF0076FA36 /* Release */,
			);
			defaultConfigurationIsVisible = 0;
		};
		C0D55EBD1F00E7BF0076FA36 /* Build configuration list for PBXNativeTarget "17-6-26-swift可选类型Tests" */ = {
			isa = XCConfigurationList;
			buildConfigurations = (
				C0D55EBE1F00E7BF0076FA36 /* Debug */,
				C0D55EBF1F00E7BF0076FA36 /* Release */,
			);
			defaultConfigurationIsVisible = 0;
		};
		C0D55EC01F00E7BF0076FA36 /* Build configuration list for PBXNativeTarget "17-6-26-swift可选类型UITests" */ = {
			isa = XCConfigurationList;
			buildConfigurations = (
				C0D55EC11F00E7BF0076FA36 /* Debug */,
				C0D55EC21F00E7BF0076FA36 /* Release */,
			);
			defaultConfigurationIsVisible = 0;
		};
/* End XCConfigurationList section */
	};
	rootObject = C0D55E8A1F00E7BF0076FA36 /* Project object */;
}
